
Microsoft Visual Studio Solution File, Format Version 12.00
# Visual Studio Version 16
VisualStudioVersion = 16.0.31624.102
MinimumVisualStudioVersion = 10.0.40219.1
Project("{2150E333-8FDC-42A3-9474-1A3956D46DE8}") = "src", "src", "{A6AA425D-B165-4469-B9D0-24C7CACCD75E}"
EndProject
Project("{2150E333-8FDC-42A3-9474-1A3956D46DE8}") = "tools", "tools", "{7263C19B-9751-4650-92CE-BF9AC8FACACF}"
EndProject
Project("{9A19103F-16F7-4668-BE54-9A1E7A4F7556}") = "Application", "src\Application\Application.csproj", "{A5F33CAB-F17D-46FF-9072-4656A271016B}"
EndProject
Project("{9A19103F-16F7-4668-BE54-9A1E7A4F7556}") = "Infrastructure", "src\Infrastructure\Infrastructure.csproj", "{21A4FCA5-3FB2-4824-A500-355D94F58AE6}"
EndProject
Project("{2150E333-8FDC-42A3-9474-1A3956D46DE8}") = "tests", "tests", "{9E87E0C8-B9C9-4BE1-86E0-B68F0E64F69F}"
EndProject
Project("{9A19103F-16F7-4668-BE54-9A1E7A4F7556}") = "Application.Tests", "tests\Application.Tests\Application.Tests.csproj", "{C64B13A6-095F-4651-BFA9-0CF1C7447449}"
EndProject
Project("{9A19103F-16F7-4668-BE54-9A1E7A4F7556}") = "mockingjay-cli", "tools\mockingjay-cli\mockingjay-cli.csproj", "{59ED19EE-A676-4C66-ACE3-F7B1E6E2D599}"
EndProject
Project("{54435603-DBB4-11D2-8724-00A0C9A8B90C}") = "mockingjay-setup", "tools\mockingjay-setup\mockingjay-setup.vdproj", "{599E518F-4D42-4FC2-B7E7-A8336CEE6EC6}"
EndProject
Project("{9A19103F-16F7-4668-BE54-9A1E7A4F7556}") = "MockingjayApp", "src\MockingjayApp\MockingjayApp.csproj", "{5BFC72A7-2B32-4C71-B32C-4C600C6873E3}"
EndProject
Global
	GlobalSection(SolutionConfigurationPlatforms) = preSolution
		All|Any CPU = All|Any CPU
		All|ARM = All|ARM
		All|ARM64 = All|ARM64
		All|x64 = All|x64
		All|x86 = All|x86
		Debug|Any CPU = Debug|Any CPU
		Debug|ARM = Debug|ARM
		Debug|ARM64 = Debug|ARM64
		Debug|x64 = Debug|x64
		Debug|x86 = Debug|x86
		Release|Any CPU = Release|Any CPU
		Release|ARM = Release|ARM
		Release|ARM64 = Release|ARM64
		Release|x64 = Release|x64
		Release|x86 = Release|x86
	EndGlobalSection
	GlobalSection(ProjectConfigurationPlatforms) = postSolution
		{A5F33CAB-F17D-46FF-9072-4656A271016B}.All|Any CPU.ActiveCfg = Release|Any CPU
		{A5F33CAB-F17D-46FF-9072-4656A271016B}.All|Any CPU.Build.0 = Release|Any CPU
		{A5F33CAB-F17D-46FF-9072-4656A271016B}.All|ARM.ActiveCfg = Debug|Any CPU
		{A5F33CAB-F17D-46FF-9072-4656A271016B}.All|ARM.Build.0 = Debug|Any CPU
		{A5F33CAB-F17D-46FF-9072-4656A271016B}.All|ARM64.ActiveCfg = Debug|Any CPU
		{A5F33CAB-F17D-46FF-9072-4656A271016B}.All|ARM64.Build.0 = Debug|Any CPU
		{A5F33CAB-F17D-46FF-9072-4656A271016B}.All|x64.ActiveCfg = Debug|Any CPU
		{A5F33CAB-F17D-46FF-9072-4656A271016B}.All|x64.Build.0 = Debug|Any CPU
		{A5F33CAB-F17D-46FF-9072-4656A271016B}.All|x86.ActiveCfg = Debug|Any CPU
		{A5F33CAB-F17D-46FF-9072-4656A271016B}.All|x86.Build.0 = Debug|Any CPU
		{A5F33CAB-F17D-46FF-9072-4656A271016B}.Debug|Any CPU.ActiveCfg = Debug|Any CPU
		{A5F33CAB-F17D-46FF-9072-4656A271016B}.Debug|Any CPU.Build.0 = Debug|Any CPU
		{A5F33CAB-F17D-46FF-9072-4656A271016B}.Debug|ARM.ActiveCfg = Debug|Any CPU
		{A5F33CAB-F17D-46FF-9072-4656A271016B}.Debug|ARM.Build.0 = Debug|Any CPU
		{A5F33CAB-F17D-46FF-9072-4656A271016B}.Debug|ARM64.ActiveCfg = Debug|Any CPU
		{A5F33CAB-F17D-46FF-9072-4656A271016B}.Debug|ARM64.Build.0 = Debug|Any CPU
		{A5F33CAB-F17D-46FF-9072-4656A271016B}.Debug|x64.ActiveCfg = Debug|Any CPU
		{A5F33CAB-F17D-46FF-9072-4656A271016B}.Debug|x64.Build.0 = Debug|Any CPU
		{A5F33CAB-F17D-46FF-9072-4656A271016B}.Debug|x86.ActiveCfg = Debug|Any CPU
		{A5F33CAB-F17D-46FF-9072-4656A271016B}.Debug|x86.Build.0 = Debug|Any CPU
		{A5F33CAB-F17D-46FF-9072-4656A271016B}.Release|Any CPU.ActiveCfg = Release|Any CPU
		{A5F33CAB-F17D-46FF-9072-4656A271016B}.Release|Any CPU.Build.0 = Release|Any CPU
		{A5F33CAB-F17D-46FF-9072-4656A271016B}.Release|ARM.ActiveCfg = Release|Any CPU
		{A5F33CAB-F17D-46FF-9072-4656A271016B}.Release|ARM.Build.0 = Release|Any CPU
		{A5F33CAB-F17D-46FF-9072-4656A271016B}.Release|ARM64.ActiveCfg = Release|Any CPU
		{A5F33CAB-F17D-46FF-9072-4656A271016B}.Release|ARM64.Build.0 = Release|Any CPU
		{A5F33CAB-F17D-46FF-9072-4656A271016B}.Release|x64.ActiveCfg = Release|Any CPU
		{A5F33CAB-F17D-46FF-9072-4656A271016B}.Release|x64.Build.0 = Release|Any CPU
		{A5F33CAB-F17D-46FF-9072-4656A271016B}.Release|x86.ActiveCfg = Release|Any CPU
		{A5F33CAB-F17D-46FF-9072-4656A271016B}.Release|x86.Build.0 = Release|Any CPU
		{21A4FCA5-3FB2-4824-A500-355D94F58AE6}.All|Any CPU.ActiveCfg = Release|Any CPU
		{21A4FCA5-3FB2-4824-A500-355D94F58AE6}.All|Any CPU.Build.0 = Release|Any CPU
		{21A4FCA5-3FB2-4824-A500-355D94F58AE6}.All|ARM.ActiveCfg = Debug|Any CPU
		{21A4FCA5-3FB2-4824-A500-355D94F58AE6}.All|ARM.Build.0 = Debug|Any CPU
		{21A4FCA5-3FB2-4824-A500-355D94F58AE6}.All|ARM64.ActiveCfg = Debug|Any CPU
		{21A4FCA5-3FB2-4824-A500-355D94F58AE6}.All|ARM64.Build.0 = Debug|Any CPU
		{21A4FCA5-3FB2-4824-A500-355D94F58AE6}.All|x64.ActiveCfg = Debug|Any CPU
		{21A4FCA5-3FB2-4824-A500-355D94F58AE6}.All|x64.Build.0 = Debug|Any CPU
		{21A4FCA5-3FB2-4824-A500-355D94F58AE6}.All|x86.ActiveCfg = Debug|Any CPU
		{21A4FCA5-3FB2-4824-A500-355D94F58AE6}.All|x86.Build.0 = Debug|Any CPU
		{21A4FCA5-3FB2-4824-A500-355D94F58AE6}.Debug|Any CPU.ActiveCfg = Debug|Any CPU
		{21A4FCA5-3FB2-4824-A500-355D94F58AE6}.Debug|Any CPU.Build.0 = Debug|Any CPU
		{21A4FCA5-3FB2-4824-A500-355D94F58AE6}.Debug|ARM.ActiveCfg = Debug|Any CPU
		{21A4FCA5-3FB2-4824-A500-355D94F58AE6}.Debug|ARM.Build.0 = Debug|Any CPU
		{21A4FCA5-3FB2-4824-A500-355D94F58AE6}.Debug|ARM64.ActiveCfg = Debug|Any CPU
		{21A4FCA5-3FB2-4824-A500-355D94F58AE6}.Debug|ARM64.Build.0 = Debug|Any CPU
		{21A4FCA5-3FB2-4824-A500-355D94F58AE6}.Debug|x64.ActiveCfg = Debug|Any CPU
		{21A4FCA5-3FB2-4824-A500-355D94F58AE6}.Debug|x64.Build.0 = Debug|Any CPU
		{21A4FCA5-3FB2-4824-A500-355D94F58AE6}.Debug|x86.ActiveCfg = Debug|Any CPU
		{21A4FCA5-3FB2-4824-A500-355D94F58AE6}.Debug|x86.Build.0 = Debug|Any CPU
		{21A4FCA5-3FB2-4824-A500-355D94F58AE6}.Release|Any CPU.ActiveCfg = Release|Any CPU
		{21A4FCA5-3FB2-4824-A500-355D94F58AE6}.Release|Any CPU.Build.0 = Release|Any CPU
		{21A4FCA5-3FB2-4824-A500-355D94F58AE6}.Release|ARM.ActiveCfg = Release|Any CPU
		{21A4FCA5-3FB2-4824-A500-355D94F58AE6}.Release|ARM.Build.0 = Release|Any CPU
		{21A4FCA5-3FB2-4824-A500-355D94F58AE6}.Release|ARM64.ActiveCfg = Release|Any CPU
		{21A4FCA5-3FB2-4824-A500-355D94F58AE6}.Release|ARM64.Build.0 = Release|Any CPU
		{21A4FCA5-3FB2-4824-A500-355D94F58AE6}.Release|x64.ActiveCfg = Release|Any CPU
		{21A4FCA5-3FB2-4824-A500-355D94F58AE6}.Release|x64.Build.0 = Release|Any CPU
		{21A4FCA5-3FB2-4824-A500-355D94F58AE6}.Release|x86.ActiveCfg = Release|Any CPU
		{21A4FCA5-3FB2-4824-A500-355D94F58AE6}.Release|x86.Build.0 = Release|Any CPU
		{C64B13A6-095F-4651-BFA9-0CF1C7447449}.All|Any CPU.ActiveCfg = Release|Any CPU
		{C64B13A6-095F-4651-BFA9-0CF1C7447449}.All|Any CPU.Build.0 = Release|Any CPU
		{C64B13A6-095F-4651-BFA9-0CF1C7447449}.All|ARM.ActiveCfg = Debug|Any CPU
		{C64B13A6-095F-4651-BFA9-0CF1C7447449}.All|ARM.Build.0 = Debug|Any CPU
		{C64B13A6-095F-4651-BFA9-0CF1C7447449}.All|ARM64.ActiveCfg = Debug|Any CPU
		{C64B13A6-095F-4651-BFA9-0CF1C7447449}.All|ARM64.Build.0 = Debug|Any CPU
		{C64B13A6-095F-4651-BFA9-0CF1C7447449}.All|x64.ActiveCfg = Debug|Any CPU
		{C64B13A6-095F-4651-BFA9-0CF1C7447449}.All|x64.Build.0 = Debug|Any CPU
		{C64B13A6-095F-4651-BFA9-0CF1C7447449}.All|x86.ActiveCfg = Debug|Any CPU
		{C64B13A6-095F-4651-BFA9-0CF1C7447449}.All|x86.Build.0 = Debug|Any CPU
		{C64B13A6-095F-4651-BFA9-0CF1C7447449}.Debug|Any CPU.ActiveCfg = Debug|Any CPU
		{C64B13A6-095F-4651-BFA9-0CF1C7447449}.Debug|Any CPU.Build.0 = Debug|Any CPU
		{C64B13A6-095F-4651-BFA9-0CF1C7447449}.Debug|ARM.ActiveCfg = Debug|Any CPU
		{C64B13A6-095F-4651-BFA9-0CF1C7447449}.Debug|ARM.Build.0 = Debug|Any CPU
		{C64B13A6-095F-4651-BFA9-0CF1C7447449}.Debug|ARM64.ActiveCfg = Debug|Any CPU
		{C64B13A6-095F-4651-BFA9-0CF1C7447449}.Debug|ARM64.Build.0 = Debug|Any CPU
		{C64B13A6-095F-4651-BFA9-0CF1C7447449}.Debug|x64.ActiveCfg = Debug|Any CPU
		{C64B13A6-095F-4651-BFA9-0CF1C7447449}.Debug|x64.Build.0 = Debug|Any CPU
		{C64B13A6-095F-4651-BFA9-0CF1C7447449}.Debug|x86.ActiveCfg = Debug|Any CPU
		{C64B13A6-095F-4651-BFA9-0CF1C7447449}.Debug|x86.Build.0 = Debug|Any CPU
		{C64B13A6-095F-4651-BFA9-0CF1C7447449}.Release|Any CPU.ActiveCfg = Release|Any CPU
		{C64B13A6-095F-4651-BFA9-0CF1C7447449}.Release|Any CPU.Build.0 = Release|Any CPU
		{C64B13A6-095F-4651-BFA9-0CF1C7447449}.Release|ARM.ActiveCfg = Release|Any CPU
		{C64B13A6-095F-4651-BFA9-0CF1C7447449}.Release|ARM.Build.0 = Release|Any CPU
		{C64B13A6-095F-4651-BFA9-0CF1C7447449}.Release|ARM64.ActiveCfg = Release|Any CPU
		{C64B13A6-095F-4651-BFA9-0CF1C7447449}.Release|ARM64.Build.0 = Release|Any CPU
		{C64B13A6-095F-4651-BFA9-0CF1C7447449}.Release|x64.ActiveCfg = Release|Any CPU
		{C64B13A6-095F-4651-BFA9-0CF1C7447449}.Release|x64.Build.0 = Release|Any CPU
		{C64B13A6-095F-4651-BFA9-0CF1C7447449}.Release|x86.ActiveCfg = Release|Any CPU
		{C64B13A6-095F-4651-BFA9-0CF1C7447449}.Release|x86.Build.0 = Release|Any CPU
		{59ED19EE-A676-4C66-ACE3-F7B1E6E2D599}.All|Any CPU.ActiveCfg = Release|Any CPU
		{59ED19EE-A676-4C66-ACE3-F7B1E6E2D599}.All|Any CPU.Build.0 = Release|Any CPU
		{59ED19EE-A676-4C66-ACE3-F7B1E6E2D599}.All|ARM.ActiveCfg = Debug|Any CPU
		{59ED19EE-A676-4C66-ACE3-F7B1E6E2D599}.All|ARM.Build.0 = Debug|Any CPU
		{59ED19EE-A676-4C66-ACE3-F7B1E6E2D599}.All|ARM64.ActiveCfg = Debug|Any CPU
		{59ED19EE-A676-4C66-ACE3-F7B1E6E2D599}.All|ARM64.Build.0 = Debug|Any CPU
		{59ED19EE-A676-4C66-ACE3-F7B1E6E2D599}.All|x64.ActiveCfg = Debug|Any CPU
		{59ED19EE-A676-4C66-ACE3-F7B1E6E2D599}.All|x64.Build.0 = Debug|Any CPU
		{59ED19EE-A676-4C66-ACE3-F7B1E6E2D599}.All|x86.ActiveCfg = Debug|Any CPU
		{59ED19EE-A676-4C66-ACE3-F7B1E6E2D599}.All|x86.Build.0 = Debug|Any CPU
		{59ED19EE-A676-4C66-ACE3-F7B1E6E2D599}.Debug|Any CPU.ActiveCfg = Debug|Any CPU
		{59ED19EE-A676-4C66-ACE3-F7B1E6E2D599}.Debug|Any CPU.Build.0 = Debug|Any CPU
		{59ED19EE-A676-4C66-ACE3-F7B1E6E2D599}.Debug|ARM.ActiveCfg = Debug|Any CPU
		{59ED19EE-A676-4C66-ACE3-F7B1E6E2D599}.Debug|ARM.Build.0 = Debug|Any CPU
		{59ED19EE-A676-4C66-ACE3-F7B1E6E2D599}.Debug|ARM64.ActiveCfg = Debug|Any CPU
		{59ED19EE-A676-4C66-ACE3-F7B1E6E2D599}.Debug|ARM64.Build.0 = Debug|Any CPU
		{59ED19EE-A676-4C66-ACE3-F7B1E6E2D599}.Debug|x64.ActiveCfg = Debug|Any CPU
		{59ED19EE-A676-4C66-ACE3-F7B1E6E2D599}.Debug|x64.Build.0 = Debug|Any CPU
		{59ED19EE-A676-4C66-ACE3-F7B1E6E2D599}.Debug|x86.ActiveCfg = Debug|Any CPU
		{59ED19EE-A676-4C66-ACE3-F7B1E6E2D599}.Debug|x86.Build.0 = Debug|Any CPU
		{59ED19EE-A676-4C66-ACE3-F7B1E6E2D599}.Release|Any CPU.ActiveCfg = Release|Any CPU
		{59ED19EE-A676-4C66-ACE3-F7B1E6E2D599}.Release|Any CPU.Build.0 = Release|Any CPU
		{59ED19EE-A676-4C66-ACE3-F7B1E6E2D599}.Release|ARM.ActiveCfg = Release|Any CPU
		{59ED19EE-A676-4C66-ACE3-F7B1E6E2D599}.Release|ARM.Build.0 = Release|Any CPU
		{59ED19EE-A676-4C66-ACE3-F7B1E6E2D599}.Release|ARM64.ActiveCfg = Release|Any CPU
		{59ED19EE-A676-4C66-ACE3-F7B1E6E2D599}.Release|ARM64.Build.0 = Release|Any CPU
		{59ED19EE-A676-4C66-ACE3-F7B1E6E2D599}.Release|x64.ActiveCfg = Release|Any CPU
		{59ED19EE-A676-4C66-ACE3-F7B1E6E2D599}.Release|x64.Build.0 = Release|Any CPU
		{59ED19EE-A676-4C66-ACE3-F7B1E6E2D599}.Release|x86.ActiveCfg = Release|Any CPU
		{59ED19EE-A676-4C66-ACE3-F7B1E6E2D599}.Release|x86.Build.0 = Release|Any CPU
		{599E518F-4D42-4FC2-B7E7-A8336CEE6EC6}.All|Any CPU.ActiveCfg = Debug
		{599E518F-4D42-4FC2-B7E7-A8336CEE6EC6}.All|ARM.ActiveCfg = Debug
		{599E518F-4D42-4FC2-B7E7-A8336CEE6EC6}.All|ARM64.ActiveCfg = Debug
		{599E518F-4D42-4FC2-B7E7-A8336CEE6EC6}.All|x64.ActiveCfg = Debug
		{599E518F-4D42-4FC2-B7E7-A8336CEE6EC6}.All|x86.ActiveCfg = Debug
		{599E518F-4D42-4FC2-B7E7-A8336CEE6EC6}.Debug|Any CPU.ActiveCfg = Debug
		{599E518F-4D42-4FC2-B7E7-A8336CEE6EC6}.Debug|ARM.ActiveCfg = Debug
		{599E518F-4D42-4FC2-B7E7-A8336CEE6EC6}.Debug|ARM64.ActiveCfg = Debug
		{599E518F-4D42-4FC2-B7E7-A8336CEE6EC6}.Debug|x64.ActiveCfg = Debug
		{599E518F-4D42-4FC2-B7E7-A8336CEE6EC6}.Debug|x86.ActiveCfg = Debug
		{599E518F-4D42-4FC2-B7E7-A8336CEE6EC6}.Release|Any CPU.ActiveCfg = Release
		{599E518F-4D42-4FC2-B7E7-A8336CEE6EC6}.Release|ARM.ActiveCfg = Release
		{599E518F-4D42-4FC2-B7E7-A8336CEE6EC6}.Release|ARM64.ActiveCfg = Release
		{599E518F-4D42-4FC2-B7E7-A8336CEE6EC6}.Release|x64.ActiveCfg = Release
		{599E518F-4D42-4FC2-B7E7-A8336CEE6EC6}.Release|x86.ActiveCfg = Release
		{5BFC72A7-2B32-4C71-B32C-4C600C6873E3}.All|Any CPU.ActiveCfg = Debug|Any CPU
		{5BFC72A7-2B32-4C71-B32C-4C600C6873E3}.All|Any CPU.Build.0 = Debug|Any CPU
		{5BFC72A7-2B32-4C71-B32C-4C600C6873E3}.All|ARM.ActiveCfg = Debug|Any CPU
		{5BFC72A7-2B32-4C71-B32C-4C600C6873E3}.All|ARM.Build.0 = Debug|Any CPU
		{5BFC72A7-2B32-4C71-B32C-4C600C6873E3}.All|ARM64.ActiveCfg = Debug|Any CPU
		{5BFC72A7-2B32-4C71-B32C-4C600C6873E3}.All|ARM64.Build.0 = Debug|Any CPU
		{5BFC72A7-2B32-4C71-B32C-4C600C6873E3}.All|x64.ActiveCfg = Debug|Any CPU
		{5BFC72A7-2B32-4C71-B32C-4C600C6873E3}.All|x64.Build.0 = Debug|Any CPU
		{5BFC72A7-2B32-4C71-B32C-4C600C6873E3}.All|x86.ActiveCfg = Debug|Any CPU
		{5BFC72A7-2B32-4C71-B32C-4C600C6873E3}.All|x86.Build.0 = Debug|Any CPU
		{5BFC72A7-2B32-4C71-B32C-4C600C6873E3}.Debug|Any CPU.ActiveCfg = Debug|Any CPU
		{5BFC72A7-2B32-4C71-B32C-4C600C6873E3}.Debug|Any CPU.Build.0 = Debug|Any CPU
		{5BFC72A7-2B32-4C71-B32C-4C600C6873E3}.Debug|ARM.ActiveCfg = Debug|Any CPU
		{5BFC72A7-2B32-4C71-B32C-4C600C6873E3}.Debug|ARM.Build.0 = Debug|Any CPU
		{5BFC72A7-2B32-4C71-B32C-4C600C6873E3}.Debug|ARM64.ActiveCfg = Debug|Any CPU
		{5BFC72A7-2B32-4C71-B32C-4C600C6873E3}.Debug|ARM64.Build.0 = Debug|Any CPU
		{5BFC72A7-2B32-4C71-B32C-4C600C6873E3}.Debug|x64.ActiveCfg = Debug|Any CPU
		{5BFC72A7-2B32-4C71-B32C-4C600C6873E3}.Debug|x64.Build.0 = Debug|Any CPU
		{5BFC72A7-2B32-4C71-B32C-4C600C6873E3}.Debug|x86.ActiveCfg = Debug|Any CPU
		{5BFC72A7-2B32-4C71-B32C-4C600C6873E3}.Debug|x86.Build.0 = Debug|Any CPU
		{5BFC72A7-2B32-4C71-B32C-4C600C6873E3}.Release|Any CPU.ActiveCfg = Release|Any CPU
		{5BFC72A7-2B32-4C71-B32C-4C600C6873E3}.Release|Any CPU.Build.0 = Release|Any CPU
		{5BFC72A7-2B32-4C71-B32C-4C600C6873E3}.Release|ARM.ActiveCfg = Release|Any CPU
		{5BFC72A7-2B32-4C71-B32C-4C600C6873E3}.Release|ARM.Build.0 = Release|Any CPU
		{5BFC72A7-2B32-4C71-B32C-4C600C6873E3}.Release|ARM64.ActiveCfg = Release|Any CPU
		{5BFC72A7-2B32-4C71-B32C-4C600C6873E3}.Release|ARM64.Build.0 = Release|Any CPU
		{5BFC72A7-2B32-4C71-B32C-4C600C6873E3}.Release|x64.ActiveCfg = Release|Any CPU
		{5BFC72A7-2B32-4C71-B32C-4C600C6873E3}.Release|x64.Build.0 = Release|Any CPU
		{5BFC72A7-2B32-4C71-B32C-4C600C6873E3}.Release|x86.ActiveCfg = Release|Any CPU
		{5BFC72A7-2B32-4C71-B32C-4C600C6873E3}.Release|x86.Build.0 = Release|Any CPU
	EndGlobalSection
	GlobalSection(SolutionProperties) = preSolution
		HideSolutionNode = FALSE
	EndGlobalSection
	GlobalSection(NestedProjects) = preSolution
		{A5F33CAB-F17D-46FF-9072-4656A271016B} = {A6AA425D-B165-4469-B9D0-24C7CACCD75E}
		{21A4FCA5-3FB2-4824-A500-355D94F58AE6} = {A6AA425D-B165-4469-B9D0-24C7CACCD75E}
		{C64B13A6-095F-4651-BFA9-0CF1C7447449} = {9E87E0C8-B9C9-4BE1-86E0-B68F0E64F69F}
		{59ED19EE-A676-4C66-ACE3-F7B1E6E2D599} = {7263C19B-9751-4650-92CE-BF9AC8FACACF}
		{599E518F-4D42-4FC2-B7E7-A8336CEE6EC6} = {7263C19B-9751-4650-92CE-BF9AC8FACACF}
		{5BFC72A7-2B32-4C71-B32C-4C600C6873E3} = {A6AA425D-B165-4469-B9D0-24C7CACCD75E}
	EndGlobalSection
	GlobalSection(ExtensibilityGlobals) = postSolution
		SolutionGuid = {F60238FF-DA01-4CE1-9AD8-369B81B4A3AC}
	EndGlobalSection
EndGlobal
